[root]
name = "echo"
version = "0.1.0"
dependencies = [
 "bitvisor_process_lib 0.1.0 (git+https://github.com/mmisono/bitvisor_process_lib)",
]

[[package]]
name = "bitvisor_process_lib"
version = "0.1.0"
source = "git+https://github.com/mmisono/bitvisor_process_lib#d33e16df0d499a6061bdccf4aa21b7d2bfb6ef9f"
dependencies = [
 "compiler_builtins 0.1.0 (git+https://github.com/rust-lang-nursery/compiler-builtins)",
 "rlibc 1.0.0 (registry+https://github.com/rust-lang/crates.io-index)",
]

[[package]]
name = "compiler_builtins"
version = "0.1.0"
source = "git+https://github.com/rust-lang-nursery/compiler-builtins#6b9281d2b2f0ebb94838814b1e8ace2de4b7035b"

[[package]]
name = "rlibc"
version = "1.0.0"
source = "registry+https://github.com/rust-lang/crates.io-index"

[metadata]
"checksum bitvisor_process_lib 0.1.0 (git+https://github.com/mmisono/bitvisor_process_lib)" = "<none>"
"checksum compiler_builtins 0.1.0 (git+https://github.com/rust-lang-nursery/compiler-builtins)" = "<none>"
"checksum rlibc 1.0.0 (registry+https://github.com/rust-lang/crates.io-index)" = "fc874b127765f014d792f16763a81245ab80500e2ad921ed4ee9e82481ee08fe"
